
Microsoft Visual Studio Solution File, Format Version 11.00
# Visual Studio 2010
Project("{C8D11400-126E-41CD-887F-60BD40844F9E}") = "DBProject", "DBProject\DBProject.dbproj", "{67CBC824-A49E-4E9B-A947-360F3DFE65C3}"
EndProject
Project("{FAE04EC0-301F-11D3-BF4B-00C04F79EFBC}") = "Site", "Site\Site.csproj", "{FA00285E-D3CA-4197-8FD3-FAA20FC779BB}"
EndProject
Project("{FAE04EC0-301F-11D3-BF4B-00C04F79EFBC}") = "Infrastructure", "Infrastructure\Infrastructure.csproj", "{DB8DA36A-AAA2-4F75-A607-1D75FCB85479}"
EndProject
Global
	GlobalSection(SolutionConfigurationPlatforms) = preSolution
		Debug|Any CPU = Debug|Any CPU
		Release|Any CPU = Release|Any CPU
	EndGlobalSection
	GlobalSection(ProjectConfigurationPlatforms) = postSolution
		{67CBC824-A49E-4E9B-A947-360F3DFE65C3}.Debug|Any CPU.ActiveCfg = Debug|Any CPU
		{67CBC824-A49E-4E9B-A947-360F3DFE65C3}.Debug|Any CPU.Build.0 = Debug|Any CPU
		{67CBC824-A49E-4E9B-A947-360F3DFE65C3}.Debug|Any CPU.Deploy.0 = Debug|Any CPU
		{67CBC824-A49E-4E9B-A947-360F3DFE65C3}.Release|Any CPU.ActiveCfg = Release|Any CPU
		{67CBC824-A49E-4E9B-A947-360F3DFE65C3}.Release|Any CPU.Build.0 = Release|Any CPU
		{67CBC824-A49E-4E9B-A947-360F3DFE65C3}.Release|Any CPU.Deploy.0 = Release|Any CPU
		{FA00285E-D3CA-4197-8FD3-FAA20FC779BB}.Debug|Any CPU.ActiveCfg = Debug|Any CPU
		{FA00285E-D3CA-4197-8FD3-FAA20FC779BB}.Debug|Any CPU.Build.0 = Debug|Any CPU
		{FA00285E-D3CA-4197-8FD3-FAA20FC779BB}.Release|Any CPU.ActiveCfg = Release|Any CPU
		{FA00285E-D3CA-4197-8FD3-FAA20FC779BB}.Release|Any CPU.Build.0 = Release|Any CPU
		{DB8DA36A-AAA2-4F75-A607-1D75FCB85479}.Debug|Any CPU.ActiveCfg = Debug|Any CPU
		{DB8DA36A-AAA2-4F75-A607-1D75FCB85479}.Debug|Any CPU.Build.0 = Debug|Any CPU
		{DB8DA36A-AAA2-4F75-A607-1D75FCB85479}.Release|Any CPU.ActiveCfg = Release|Any CPU
		{DB8DA36A-AAA2-4F75-A607-1D75FCB85479}.Release|Any CPU.Build.0 = Release|Any CPU
	EndGlobalSection
	GlobalSection(SolutionProperties) = preSolution
		HideSolutionNode = FALSE
	EndGlobalSection
EndGlobal
